{
  "name": "top",
  "version": "1.0.0",
  "lockfileVersion": 2,
  "requires": true,
  "packages": {
    "": {
      "name": "top",
      "version": "1.0.0",
      "license": "ISC",
      "dependencies": {
        "typescript": "^4.8.0-dev.20220624"
      }
    },
    "../dep": {
      "version": "1.0.0",
      "extraneous": true,
      "license": "ISC",
      "dependencies": {
        "typescript": "^4.8.0-dev.20220624"
      }
    },
    "node_modules/.pnpm/typescript@4.7.4": {
      "extraneous": true
    },
    "node_modules/typescript": {
      "version": "4.8.0-dev.20220624",
      "resolved": "https://registry.npmjs.org/typescript/-/typescript-4.8.0-dev.20220624.tgz",
      "integrity": "sha512-z6IpmLOARlQz6Ul/7T9vOoljQnlSV11CfU/OTL8KYRntYuFuIcwpspKfkxiuNrWXSTdX/yjno3tBVYTqls+d/A==",
      "bin": {
        "tsc": "bin/tsc",
        "tsserver": "bin/tsserver"
      },
      "engines": {
        "node": ">=4.2.0"
      }
    }
  },
  "dependencies": {
    "typescript": {
      "version": "4.8.0-dev.20220624",
      "resolved": "https://registry.npmjs.org/typescript/-/typescript-4.8.0-dev.20220624.tgz",
      "integrity": "sha512-z6IpmLOARlQz6Ul/7T9vOoljQnlSV11CfU/OTL8KYRntYuFuIcwpspKfkxiuNrWXSTdX/yjno3tBVYTqls+d/A=="
    }
  }
}
